
Microsoft Visual Studio Solution File, Format Version 12.00
# Visual Studio Version 16
VisualStudioVersion = 16.0.29025.244
MinimumVisualStudioVersion = 10.0.40219.1
Project("{FAE04EC0-301F-11D3-BF4B-00C04F79EFBC}") = "Moneybags", "Moneybags\Moneybags.csproj", "{566A6D4D-FE27-4C82-8327-11E0E341CD50}"
EndProject
Global
	GlobalSection(SolutionConfigurationPlatforms) = preSolution
		Debug|Any CPU = Debug|Any CPU
		Release|Any CPU = Release|Any CPU
	EndGlobalSection
	GlobalSection(ProjectConfigurationPlatforms) = postSolution
		{566A6D4D-FE27-4C82-8327-11E0E341CD50}.Debug|Any CPU.ActiveCfg = Debug|Any CPU
		{566A6D4D-FE27-4C82-8327-11E0E341CD50}.Debug|Any CPU.Build.0 = Debug|Any CPU
		{566A6D4D-FE27-4C82-8327-11E0E341CD50}.Release|Any CPU.ActiveCfg = Release|Any CPU
		{566A6D4D-FE27-4C82-8327-11E0E341CD50}.Release|Any CPU.Build.0 = Release|Any CPU
	EndGlobalSection
	GlobalSection(SolutionProperties) = preSolution
		HideSolutionNode = FALSE
	EndGlobalSection
	GlobalSection(ExtensibilityGlobals) = postSolution
		SolutionGuid = {5CAD6FCE-A91F-44A8-B1CC-2D9C0144D594}
	EndGlobalSection
EndGlobal
